
Microsoft Visual Studio Solution File, Format Version 12.00
# Visual Studio Version 17
VisualStudioVersion = 17.9.34616.47
MinimumVisualStudioVersion = 10.0.40219.1
Project("{FAE04EC0-301F-11D3-BF4B-00C04F79EFBC}") = "FakeData", "FakeData.csproj", "{79F86F51-EAD1-4168-8FC1-E25A83326297}"
EndProject
Global
	GlobalSection(SolutionConfigurationPlatforms) = preSolution
		Debug|Any CPU = Debug|Any CPU
		Release|Any CPU = Release|Any CPU
	EndGlobalSection
	GlobalSection(ProjectConfigurationPlatforms) = postSolution
		{79F86F51-EAD1-4168-8FC1-E25A83326297}.Debug|Any CPU.ActiveCfg = Debug|Any CPU
		{79F86F51-EAD1-4168-8FC1-E25A83326297}.Debug|Any CPU.Build.0 = Debug|Any CPU
		{79F86F51-EAD1-4168-8FC1-E25A83326297}.Release|Any CPU.ActiveCfg = Release|Any CPU
		{79F86F51-EAD1-4168-8FC1-E25A83326297}.Release|Any CPU.Build.0 = Release|Any CPU
	EndGlobalSection
	GlobalSection(SolutionProperties) = preSolution
		HideSolutionNode = FALSE
	EndGlobalSection
	GlobalSection(ExtensibilityGlobals) = postSolution
		SolutionGuid = {3B7AB8E7-F2CC-4C09-9AA5-7D8BC7F721FF}
	EndGlobalSection
EndGlobal
